
Microsoft Visual Studio Solution File, Format Version 12.00
# Visual Studio Version 17
VisualStudioVersion = 17.2.32505.173
MinimumVisualStudioVersion = 10.0.40219.1
Project("{FAE04EC0-301F-11D3-BF4B-00C04F79EFBC}") = "Banking", "Banking.csproj", "{22A15B17-8C8C-456B-8332-5B2C0B2CE70E}"
EndProject
Global
	GlobalSection(SolutionConfigurationPlatforms) = preSolution
		Debug|Any CPU = Debug|Any CPU
		Release|Any CPU = Release|Any CPU
	EndGlobalSection
	GlobalSection(ProjectConfigurationPlatforms) = postSolution
		{22A15B17-8C8C-456B-8332-5B2C0B2CE70E}.Debug|Any CPU.ActiveCfg = Debug|Any CPU
		{22A15B17-8C8C-456B-8332-5B2C0B2CE70E}.Debug|Any CPU.Build.0 = Debug|Any CPU
		{22A15B17-8C8C-456B-8332-5B2C0B2CE70E}.Release|Any CPU.ActiveCfg = Release|Any CPU
		{22A15B17-8C8C-456B-8332-5B2C0B2CE70E}.Release|Any CPU.Build.0 = Release|Any CPU
	EndGlobalSection
	GlobalSection(SolutionProperties) = preSolution
		HideSolutionNode = FALSE
	EndGlobalSection
	GlobalSection(ExtensibilityGlobals) = postSolution
		SolutionGuid = {AAA597F6-23B2-4414-AAEC-6AB9F06DC83A}
	EndGlobalSection
EndGlobal
